
Microsoft Visual Studio Solution File, Format Version 11.00
# Visual Studio 2010
# SharpDevelop 5.1
Project("{FAE04EC0-301F-11D3-BF4B-00C04F79EFBC}") = "sosoBilibiliCSharpDanmakuHimeDanmakuReaderPlugin", "sosoBilibiliCSharpDanmakuHimeDanmakuReaderPlugin.csproj", "{FB5D7C1B-25BD-4C5B-BC5A-FA8AD1C4C156}"
EndProject
Global
	GlobalSection(SolutionConfigurationPlatforms) = preSolution
		Debug|Any CPU = Debug|Any CPU
		Release|Any CPU = Release|Any CPU
	EndGlobalSection
	GlobalSection(ProjectConfigurationPlatforms) = postSolution
		{FB5D7C1B-25BD-4C5B-BC5A-FA8AD1C4C156}.Debug|Any CPU.ActiveCfg = Debug|Any CPU
		{FB5D7C1B-25BD-4C5B-BC5A-FA8AD1C4C156}.Debug|Any CPU.Build.0 = Debug|Any CPU
		{FB5D7C1B-25BD-4C5B-BC5A-FA8AD1C4C156}.Release|Any CPU.ActiveCfg = Release|Any CPU
		{FB5D7C1B-25BD-4C5B-BC5A-FA8AD1C4C156}.Release|Any CPU.Build.0 = Release|Any CPU
	EndGlobalSection
EndGlobal
